
Microsoft Visual Studio Solution File, Format Version 12.00
# Visual Studio 15
VisualStudioVersion = 15.0.28010.2046
MinimumVisualStudioVersion = 10.0.40219.1
Project("{FAE04EC0-301F-11D3-BF4B-00C04F79EFBC}") = "Wfu.Ma.Reports.Lydall", "Wfu.Ma.Reports.Lydall\Wfu.Ma.Reports.Lydall.csproj", "{A3C6C281-1D9A-4A74-AA5E-E891F4357EBF}"
EndProject
Global
	GlobalSection(SolutionConfigurationPlatforms) = preSolution
		Debug|Any CPU = Debug|Any CPU
		Release|Any CPU = Release|Any CPU
	EndGlobalSection
	GlobalSection(ProjectConfigurationPlatforms) = postSolution
		{A3C6C281-1D9A-4A74-AA5E-E891F4357EBF}.Debug|Any CPU.ActiveCfg = Debug|Any CPU
		{A3C6C281-1D9A-4A74-AA5E-E891F4357EBF}.Debug|Any CPU.Build.0 = Debug|Any CPU
		{A3C6C281-1D9A-4A74-AA5E-E891F4357EBF}.Release|Any CPU.ActiveCfg = Release|Any CPU
		{A3C6C281-1D9A-4A74-AA5E-E891F4357EBF}.Release|Any CPU.Build.0 = Release|Any CPU
	EndGlobalSection
	GlobalSection(SolutionProperties) = preSolution
		HideSolutionNode = FALSE
	EndGlobalSection
	GlobalSection(ExtensibilityGlobals) = postSolution
		SolutionGuid = {1551F12C-F5C4-4F1F-969E-42326C18C36D}
	EndGlobalSection
EndGlobal
